
Microsoft Visual Studio Solution File, Format Version 12.00
# Visual Studio Version 16
VisualStudioVersion = 16.0.32002.261
MinimumVisualStudioVersion = 10.0.40219.1
Project("{FAE04EC0-301F-11D3-BF4B-00C04F79EFBC}") = "MyHello", "MyHello\MyHello.csproj", "{FCBC1E6F-B73F-4D06-96D0-16AF12563633}"
EndProject
Global
	GlobalSection(SolutionConfigurationPlatforms) = preSolution
		Debug|Any CPU = Debug|Any CPU
		Release|Any CPU = Release|Any CPU
	EndGlobalSection
	GlobalSection(ProjectConfigurationPlatforms) = postSolution
		{FCBC1E6F-B73F-4D06-96D0-16AF12563633}.Debug|Any CPU.ActiveCfg = Debug|Any CPU
		{FCBC1E6F-B73F-4D06-96D0-16AF12563633}.Debug|Any CPU.Build.0 = Debug|Any CPU
		{FCBC1E6F-B73F-4D06-96D0-16AF12563633}.Release|Any CPU.ActiveCfg = Release|Any CPU
		{FCBC1E6F-B73F-4D06-96D0-16AF12563633}.Release|Any CPU.Build.0 = Release|Any CPU
	EndGlobalSection
	GlobalSection(SolutionProperties) = preSolution
		HideSolutionNode = FALSE
	EndGlobalSection
	GlobalSection(ExtensibilityGlobals) = postSolution
		SolutionGuid = {F88BF765-6285-4D1C-B7B8-0FBFF67F8C4D}
	EndGlobalSection
EndGlobal
